
Microsoft Visual Studio Solution File, Format Version 12.00
# Visual Studio 2012
Project("{8BC9CEB8-8B4A-11D0-8D11-00A0C91BC942}") = "Calculadora", "Calculadora\Calculadora.vcxproj", "{F83E2B9C-6D80-44B6-A9FE-06365469E858}"
EndProject
Global
	GlobalSection(SolutionConfigurationPlatforms) = preSolution
		Debug|Win32 = Debug|Win32
		Debug|x64 = Debug|x64
		Release|Win32 = Release|Win32
		Release|x64 = Release|x64
	EndGlobalSection
	GlobalSection(ProjectConfigurationPlatforms) = postSolution
		{F83E2B9C-6D80-44B6-A9FE-06365469E858}.Debug|Win32.ActiveCfg = Debug|Win32
		{F83E2B9C-6D80-44B6-A9FE-06365469E858}.Debug|Win32.Build.0 = Debug|Win32
		{F83E2B9C-6D80-44B6-A9FE-06365469E858}.Debug|x64.ActiveCfg = Debug|x64
		{F83E2B9C-6D80-44B6-A9FE-06365469E858}.Debug|x64.Build.0 = Debug|x64
		{F83E2B9C-6D80-44B6-A9FE-06365469E858}.Release|Win32.ActiveCfg = Release|Win32
		{F83E2B9C-6D80-44B6-A9FE-06365469E858}.Release|Win32.Build.0 = Release|Win32
		{F83E2B9C-6D80-44B6-A9FE-06365469E858}.Release|x64.ActiveCfg = Release|x64
		{F83E2B9C-6D80-44B6-A9FE-06365469E858}.Release|x64.Build.0 = Release|x64
	EndGlobalSection
	GlobalSection(SolutionProperties) = preSolution
		HideSolutionNode = FALSE
	EndGlobalSection
EndGlobal
